
Microsoft Visual Studio Solution File, Format Version 12.00
# Visual Studio Version 17
VisualStudioVersion = 17.11.35431.28
MinimumVisualStudioVersion = 10.0.40219.1
Project("{F184B08F-C81C-45F6-A57F-5ABD9991F28F}") = "data structure proyecto final vb", "data structure proyecto final vb\data structure proyecto final vb.vbproj", "{D029A95E-0DE9-41C9-B62E-F7E25D9C6A8C}"
EndProject
Global
	GlobalSection(SolutionConfigurationPlatforms) = preSolution
		Debug|Any CPU = Debug|Any CPU
		Release|Any CPU = Release|Any CPU
	EndGlobalSection
	GlobalSection(ProjectConfigurationPlatforms) = postSolution
		{D029A95E-0DE9-41C9-B62E-F7E25D9C6A8C}.Debug|Any CPU.ActiveCfg = Debug|Any CPU
		{D029A95E-0DE9-41C9-B62E-F7E25D9C6A8C}.Debug|Any CPU.Build.0 = Debug|Any CPU
		{D029A95E-0DE9-41C9-B62E-F7E25D9C6A8C}.Release|Any CPU.ActiveCfg = Release|Any CPU
		{D029A95E-0DE9-41C9-B62E-F7E25D9C6A8C}.Release|Any CPU.Build.0 = Release|Any CPU
	EndGlobalSection
	GlobalSection(SolutionProperties) = preSolution
		HideSolutionNode = FALSE
	EndGlobalSection
	GlobalSection(ExtensibilityGlobals) = postSolution
		SolutionGuid = {D1669D12-E803-425E-BB31-E59D8649AA95}
	EndGlobalSection
EndGlobal
